<?xml version="1.0" encoding="utf-8"?>
<Project ToolsVersion="4.0" xmlns="http://schemas.microsoft.com/developer/msbuild/2003">
  <ItemGroup>
    <Filter Include="win32">
      <UniqueIdentifier>{84a8ebd7-7cf0-47f6-b75e-d441df67da40}</UniqueIdentifier>
    </Filter>
    <Filter Include="resource">
      <UniqueIdentifier>{715254bc-d70b-4ec5-bf29-467dd3ace079}</UniqueIdentifier>
    </Filter>
    <Filter Include="src">
      <UniqueIdentifier>{bb6c862e-70e9-49d9-81b7-3829a6f50471}</UniqueIdentifier>
    </Filter>
    <Filter Include="Classes">
      <UniqueIdentifier>{49db76dd-abf2-42f9-a5ab-c13d365aee01}</UniqueIdentifier>
    </Filter>
    <Filter Include="Classes\configs">
      <UniqueIdentifier>{7e08d6b3-aeed-4524-a0ba-3ef6cd418f19}</UniqueIdentifier>
    </Filter>
    <Filter Include="Classes\views">
      <UniqueIdentifier>{c50fdbca-6009-4496-ab68-75f66f2cac4c}</UniqueIdentifier>
    </Filter>
    <Filter Include="Classes\controllers">
      <UniqueIdentifier>{574ba1ae-61ef-4329-9053-26775374a703}</UniqueIdentifier>
    </Filter>
    <Filter Include="Classes\managers">
      <UniqueIdentifier>{5bdd9d00-cb53-422b-81e3-3c2e8503c904}</UniqueIdentifier>
    </Filter>
    <Filter Include="Classes\services">
      <UniqueIdentifier>{b6131174-18e2-4e5a-b0e8-5abfa6ce69bf}</UniqueIdentifier>
    </Filter>
    <Filter Include="Classes\utils">
      <UniqueIdentifier>{9da35697-8ac9-4162-bc74-70d1068813e4}</UniqueIdentifier>
    </Filter>
    <Filter Include="Classes\configs\models">
      <UniqueIdentifier>{0ca8f799-79fe-4aca-acd2-8cdee5291c89}</UniqueIdentifier>
    </Filter>
    <Filter Include="Classes\configs\loaders">
      <UniqueIdentifier>{97f9e05c-6a57-427f-b48b-570d9108657b}</UniqueIdentifier>
    </Filter>
    <Filter Include="Classes\models">
      <UniqueIdentifier>{523022f2-7489-4ad5-99f2-afef5f7ee79f}</UniqueIdentifier>
    </Filter>
  </ItemGroup>
  <ItemGroup>
    <ClCompile Include="main.cpp">
      <Filter>win32</Filter>
    </ClCompile>
    <ClCompile Include="..\Classes\AppDelegate.cpp">
      <Filter>src</Filter>
    </ClCompile>
    <ClCompile Include="..\Classes\HelloWorldScene.cpp">
      <Filter>src</Filter>
    </ClCompile>
    <ClCompile Include="..\Classes\utils\CommonUtils.cpp">
      <Filter>Classes\utils</Filter>
    </ClCompile>
    <ClCompile Include="..\Classes\configs\loaders\LevelConfigLoader.cpp">
      <Filter>Classes\configs\loaders</Filter>
    </ClCompile>
  </ItemGroup>
  <ItemGroup>
    <ClInclude Include="main.h">
      <Filter>win32</Filter>
    </ClInclude>
    <ClInclude Include="..\Classes\AppDelegate.h">
      <Filter>src</Filter>
    </ClInclude>
    <ClInclude Include="..\Classes\HelloWorldScene.h">
      <Filter>src</Filter>
    </ClInclude>
    <ClInclude Include="..\Classes\utils\CardEnum.h">
      <Filter>Classes\utils</Filter>
    </ClInclude>
    <ClInclude Include="..\Classes\utils\CommonUtils.h">
      <Filter>Classes\utils</Filter>
    </ClInclude>
    <ClInclude Include="..\Classes\configs\models\LevelConfig.h">
      <Filter>Classes\configs\models</Filter>
    </ClInclude>
    <ClInclude Include="..\Classes\configs\loaders\LevelConfigLoader.h">
      <Filter>Classes\configs\loaders</Filter>
    </ClInclude>
  </ItemGroup>
  <ItemGroup>
    <ResourceCompile Include="game.rc">
      <Filter>resource</Filter>
    </ResourceCompile>
  </ItemGroup>
</Project>